// !$*UTF8*$!
{
	archiveVersion = 1;
	classes = {
	};
	objectVersion = 46;
	objects = {

/* Begin PBXBuildFile section */
		B03384A41AC8DFD300ACE8C1 /* HomeWebViewController.m in Sources */ = {isa = PBXBuildFile; fileRef = B03384A31AC8DFD300ACE8C1 /* HomeWebViewController.m */; };
		B03384A61AC8ECF800ACE8C1 /* region.plist in Resources */ = {isa = PBXBuildFile; fileRef = B03384A51AC8ECF800ACE8C1 /* region.plist */; };
		B03384A81AC8ED1000ACE8C1 /* category.plist in Resources */ = {isa = PBXBuildFile; fileRef = B03384A71AC8ED1000ACE8C1 /* category.plist */; };
		B03384AC1AC8ED3C00ACE8C1 /* 引导页－1.jpg in Resources */ = {isa = PBXBuildFile; fileRef = B03384A91AC8ED3C00ACE8C1 /* 引导页－1.jpg */; };
		B03384AD1AC8ED3C00ACE8C1 /* 引导页－2.jpg in Resources */ = {isa = PBXBuildFile; fileRef = B03384AA1AC8ED3C00ACE8C1 /* 引导页－2.jpg */; };
		B03384AE1AC8ED3C00ACE8C1 /* 引导页－3.jpg in Resources */ = {isa = PBXBuildFile; fileRef = B03384AB1AC8ED3C00ACE8C1 /* 引导页－3.jpg */; };
		B03384B31AC8EDDD00ACE8C1 /* WelcomeViewController.m in Sources */ = {isa = PBXBuildFile; fileRef = B03384B21AC8EDDD00ACE8C1 /* WelcomeViewController.m */; };
		B0339BF71AC7A5910018AD99 /* AFHTTPRequestOperation.m in Sources */ = {isa = PBXBuildFile; fileRef = B0339BE51AC7A5910018AD99 /* AFHTTPRequestOperation.m */; };
		B0339BF81AC7A5910018AD99 /* AFHTTPRequestOperationManager.m in Sources */ = {isa = PBXBuildFile; fileRef = B0339BE71AC7A5910018AD99 /* AFHTTPRequestOperationManager.m */; };
		B0339BF91AC7A5910018AD99 /* AFHTTPSessionManager.m in Sources */ = {isa = PBXBuildFile; fileRef = B0339BE91AC7A5910018AD99 /* AFHTTPSessionManager.m */; };
		B0339BFA1AC7A5910018AD99 /* AFNetworkReachabilityManager.m in Sources */ = {isa = PBXBuildFile; fileRef = B0339BEC1AC7A5910018AD99 /* AFNetworkReachabilityManager.m */; };
		B0339BFB1AC7A5910018AD99 /* AFSecurityPolicy.m in Sources */ = {isa = PBXBuildFile; fileRef = B0339BEE1AC7A5910018AD99 /* AFSecurityPolicy.m */; };
		B0339BFC1AC7A5910018AD99 /* AFURLConnectionOperation.m in Sources */ = {isa = PBXBuildFile; fileRef = B0339BF01AC7A5910018AD99 /* AFURLConnectionOperation.m */; };
		B0339BFD1AC7A5910018AD99 /* AFURLRequestSerialization.m in Sources */ = {isa = PBXBuildFile; fileRef = B0339BF21AC7A5910018AD99 /* AFURLRequestSerialization.m */; };
		B0339BFE1AC7A5910018AD99 /* AFURLResponseSerialization.m in Sources */ = {isa = PBXBuildFile; fileRef = B0339BF41AC7A5910018AD99 /* AFURLResponseSerialization.m */; };
		B0339BFF1AC7A5910018AD99 /* AFURLSessionManager.m in Sources */ = {isa = PBXBuildFile; fileRef = B0339BF61AC7A5910018AD99 /* AFURLSessionManager.m */; };
		B0339C121AC7A59A0018AD99 /* AFNetworkActivityIndicatorManager.m in Sources */ = {isa = PBXBuildFile; fileRef = B0339C021AC7A59A0018AD99 /* AFNetworkActivityIndicatorManager.m */; };
		B0339C131AC7A59A0018AD99 /* UIActivityIndicatorView+AFNetworking.m in Sources */ = {isa = PBXBuildFile; fileRef = B0339C041AC7A59A0018AD99 /* UIActivityIndicatorView+AFNetworking.m */; };
		B0339C141AC7A59A0018AD99 /* UIAlertView+AFNetworking.m in Sources */ = {isa = PBXBuildFile; fileRef = B0339C061AC7A59A0018AD99 /* UIAlertView+AFNetworking.m */; };
		B0339C151AC7A59A0018AD99 /* UIButton+AFNetworking.m in Sources */ = {isa = PBXBuildFile; fileRef = B0339C081AC7A59A0018AD99 /* UIButton+AFNetworking.m */; };
		B0339C161AC7A59A0018AD99 /* UIImageView+AFNetworking.m in Sources */ = {isa = PBXBuildFile; fileRef = B0339C0A1AC7A59A0018AD99 /* UIImageView+AFNetworking.m */; };
		B0339C171AC7A59A0018AD99 /* UIProgressView+AFNetworking.m in Sources */ = {isa = PBXBuildFile; fileRef = B0339C0D1AC7A59A0018AD99 /* UIProgressView+AFNetworking.m */; };
		B0339C181AC7A59A0018AD99 /* UIRefreshControl+AFNetworking.m in Sources */ = {isa = PBXBuildFile; fileRef = B0339C0F1AC7A59A0018AD99 /* UIRefreshControl+AFNetworking.m */; };
		B0339C191AC7A59A0018AD99 /* UIWebView+AFNetworking.m in Sources */ = {isa = PBXBuildFile; fileRef = B0339C111AC7A59A0018AD99 /* UIWebView+AFNetworking.m */; };
		B0339C1C1AC7BF3C0018AD99 /* DianpingApi.m in Sources */ = {isa = PBXBuildFile; fileRef = B0339C1B1AC7BF3C0018AD99 /* DianpingApi.m */; };
		B0339C211AC7C6470018AD99 /* HomeBusinessCell.m in Sources */ = {isa = PBXBuildFile; fileRef = B0339C1F1AC7C6470018AD99 /* HomeBusinessCell.m */; };
		B0339C251AC7CD600018AD99 /* businessInfo.m in Sources */ = {isa = PBXBuildFile; fileRef = B0339C241AC7CD600018AD99 /* businessInfo.m */; };
		B039D9B21ACA411200630EC8 /* MHTabBarActiveTab_1.png in Resources */ = {isa = PBXBuildFile; fileRef = B039D9A11ACA411200630EC8 /* MHTabBarActiveTab_1.png */; };
		B039D9B31ACA411200630EC8 /* MHTabBarActiveTab_1@2x.png in Resources */ = {isa = PBXBuildFile; fileRef = B039D9A21ACA411200630EC8 /* MHTabBarActiveTab_1@2x.png */; };
		B039D9B41ACA411200630EC8 /* MHTabBarInactiveTab_1.png in Resources */ = {isa = PBXBuildFile; fileRef = B039D9A31ACA411200630EC8 /* MHTabBarInactiveTab_1.png */; };
		B039D9B51ACA411200630EC8 /* MHTabBarInactiveTab_1@2x.png in Resources */ = {isa = PBXBuildFile; fileRef = B039D9A41ACA411200630EC8 /* MHTabBarInactiveTab_1@2x.png */; };
		B039D9B61ACA411200630EC8 /* MHCategoryViewController.m in Sources */ = {isa = PBXBuildFile; fileRef = B039D9A61ACA411200630EC8 /* MHCategoryViewController.m */; };
		B039D9B71ACA411200630EC8 /* MHTabBarActiveTab.png in Resources */ = {isa = PBXBuildFile; fileRef = B039D9A71ACA411200630EC8 /* MHTabBarActiveTab.png */; };
		B039D9B81ACA411200630EC8 /* MHTabBarActiveTab@2x.png in Resources */ = {isa = PBXBuildFile; fileRef = B039D9A81ACA411200630EC8 /* MHTabBarActiveTab@2x.png */; };
		B039D9B91ACA411200630EC8 /* MHTabBarController.m in Sources */ = {isa = PBXBuildFile; fileRef = B039D9AA1ACA411200630EC8 /* MHTabBarController.m */; };
		B039D9BA1ACA411200630EC8 /* MHTabBarInactiveTab.png in Resources */ = {isa = PBXBuildFile; fileRef = B039D9AB1ACA411200630EC8 /* MHTabBarInactiveTab.png */; };
		B039D9BB1ACA411200630EC8 /* MHTabBarInactiveTab@2x.png in Resources */ = {isa = PBXBuildFile; fileRef = B039D9AC1ACA411200630EC8 /* MHTabBarInactiveTab@2x.png */; };
		B039D9BC1ACA411200630EC8 /* MHTabBarIndicator.png in Resources */ = {isa = PBXBuildFile; fileRef = B039D9AD1ACA411200630EC8 /* MHTabBarIndicator.png */; };
		B039D9BD1ACA411200630EC8 /* MHTabBarIndicator@2x.png in Resources */ = {isa = PBXBuildFile; fileRef = B039D9AE1ACA411200630EC8 /* MHTabBarIndicator@2x.png */; };
		B039D9BE1ACA411200630EC8 /* pinyin.c in Sources */ = {isa = PBXBuildFile; fileRef = B039D9B01ACA411200630EC8 /* pinyin.c */; };
		B039D9C21ACA787800630EC8 /* MCWTgFooterView.m in Sources */ = {isa = PBXBuildFile; fileRef = B039D9C01ACA787800630EC8 /* MCWTgFooterView.m */; };
		B039D9C31ACA787800630EC8 /* MCWTgFooterView.xib in Resources */ = {isa = PBXBuildFile; fileRef = B039D9C11ACA787800630EC8 /* MCWTgFooterView.xib */; };
		B0A7938D1AC7EEC700DAC8A4 /* HomeBusinessCell.xib in Resources */ = {isa = PBXBuildFile; fileRef = B0A7938C1AC7EEC700DAC8A4 /* HomeBusinessCell.xib */; };
		CC78127F1AC6C37D005EB43A /* main.m in Sources */ = {isa = PBXBuildFile; fileRef = CC78127E1AC6C37D005EB43A /* main.m */; };
		CC7812821AC6C37D005EB43A /* AppDelegate.m in Sources */ = {isa = PBXBuildFile; fileRef = CC7812811AC6C37D005EB43A /* AppDelegate.m */; };
		CC78128A1AC6C37D005EB43A /* Images.xcassets in Resources */ = {isa = PBXBuildFile; fileRef = CC7812891AC6C37D005EB43A /* Images.xcassets */; };
		CC78128D1AC6C37D005EB43A /* LaunchScreen.xib in Resources */ = {isa = PBXBuildFile; fileRef = CC78128B1AC6C37D005EB43A /* LaunchScreen.xib */; };
		CC7812991AC6C37D005EB43A /* ____Tests.m in Sources */ = {isa = PBXBuildFile; fileRef = CC7812981AC6C37D005EB43A /* ____Tests.m */; };
		CC7812A41AC6CAC9005EB43A /* TabBarBaseController.m in Sources */ = {isa = PBXBuildFile; fileRef = CC7812A31AC6CAC9005EB43A /* TabBarBaseController.m */; };
		CC7812AE1AC6CC6F005EB43A /* BaseNavigationController.m in Sources */ = {isa = PBXBuildFile; fileRef = CC7812AD1AC6CC6F005EB43A /* BaseNavigationController.m */; };
		CC7812B11AC6CD61005EB43A /* HomeTableController.m in Sources */ = {isa = PBXBuildFile; fileRef = CC7812B01AC6CD61005EB43A /* HomeTableController.m */; };
		CC7812B41AC6CD80005EB43A /* GroupShopTableController.m in Sources */ = {isa = PBXBuildFile; fileRef = CC7812B31AC6CD80005EB43A /* GroupShopTableController.m */; };
		CC7812B71AC6CE51005EB43A /* DiscoverTableController.m in Sources */ = {isa = PBXBuildFile; fileRef = CC7812B61AC6CE51005EB43A /* DiscoverTableController.m */; };
		CC7812BA1AC6CE63005EB43A /* MineTableController.m in Sources */ = {isa = PBXBuildFile; fileRef = CC7812B91AC6CE63005EB43A /* MineTableController.m */; };
		CC7812BD1AC6D161005EB43A /* CustomNaviButton.m in Sources */ = {isa = PBXBuildFile; fileRef = CC7812BC1AC6D161005EB43A /* CustomNaviButton.m */; };
		CC7812C41AC6D3C6005EB43A /* UIView+Extension.m in Sources */ = {isa = PBXBuildFile; fileRef = CC7812BF1AC6D3C6005EB43A /* UIView+Extension.m */; };
		CC7812C51AC6D3C6005EB43A /* UIImage+Extension.m in Sources */ = {isa = PBXBuildFile; fileRef = CC7812C11AC6D3C6005EB43A /* UIImage+Extension.m */; };
		CC7812CF1AC6E802005EB43A /* headerLayout.m in Sources */ = {isa = PBXBuildFile; fileRef = CC7812CE1AC6E802005EB43A /* headerLayout.m */; };
		CC7812D21AC6EA8E005EB43A /* CollectionViewCell.m in Sources */ = {isa = PBXBuildFile; fileRef = CC7812D11AC6EA8E005EB43A /* CollectionViewCell.m */; };
		CC7812D51AC6F13C005EB43A /* HeaderItem.m in Sources */ = {isa = PBXBuildFile; fileRef = CC7812D41AC6F13C005EB43A /* HeaderItem.m */; };
		CC7812D81AC70061005EB43A /* AreaTableController.m in Sources */ = {isa = PBXBuildFile; fileRef = CC7812D71AC70061005EB43A /* AreaTableController.m */; };
/* End PBXBuildFile section */

/* Begin PBXContainerItemProxy section */
		CC7812931AC6C37D005EB43A /* PBXContainerItemProxy */ = {
			isa = PBXContainerItemProxy;
			containerPortal = CC7812711AC6C37D005EB43A /* Project object */;
			proxyType = 1;
			remoteGlobalIDString = CC7812781AC6C37D005EB43A;
			remoteInfo = "大众点评";
		};
/* End PBXContainerItemProxy section */

/* Begin PBXFileReference section */
		B03384A21AC8DFD300ACE8C1 /* HomeWebViewController.h */ = {isa = PBXFileReference; fileEncoding = 4; lastKnownFileType = sourcecode.c.h; path = HomeWebViewController.h; sourceTree = "<group>"; };
		B03384A31AC8DFD300ACE8C1 /* HomeWebViewController.m */ = {isa = PBXFileReference; fileEncoding = 4; lastKnownFileType = sourcecode.c.objc; path = HomeWebViewController.m; sourceTree = "<group>"; };
		B03384A51AC8ECF800ACE8C1 /* region.plist */ = {isa = PBXFileReference; fileEncoding = 4; lastKnownFileType = text.plist.xml; path = region.plist; sourceTree = "<group>"; };
		B03384A71AC8ED1000ACE8C1 /* category.plist */ = {isa = PBXFileReference; fileEncoding = 4; lastKnownFileType = text.plist.xml; path = category.plist; sourceTree = "<group>"; };
		B03384A91AC8ED3C00ACE8C1 /* 引导页－1.jpg */ = {isa = PBXFileReference; lastKnownFileType = image.jpeg; path = "引导页－1.jpg"; sourceTree = "<group>"; };
		B03384AA1AC8ED3C00ACE8C1 /* 引导页－2.jpg */ = {isa = PBXFileReference; lastKnownFileType = image.jpeg; path = "引导页－2.jpg"; sourceTree = "<group>"; };
		B03384AB1AC8ED3C00ACE8C1 /* 引导页－3.jpg */ = {isa = PBXFileReference; lastKnownFileType = image.jpeg; path = "引导页－3.jpg"; sourceTree = "<group>"; };
		B03384B11AC8EDDD00ACE8C1 /* WelcomeViewController.h */ = {isa = PBXFileReference; fileEncoding = 4; lastKnownFileType = sourcecode.c.h; path = WelcomeViewController.h; sourceTree = "<group>"; };
		B03384B21AC8EDDD00ACE8C1 /* WelcomeViewController.m */ = {isa = PBXFileReference; fileEncoding = 4; lastKnownFileType = sourcecode.c.objc; path = WelcomeViewController.m; sourceTree = "<group>"; };
		B0339BE41AC7A5910018AD99 /* AFHTTPRequestOperation.h */ = {isa = PBXFileReference; fileEncoding = 4; lastKnownFileType = sourcecode.c.h; path = AFHTTPRequestOperation.h; sourceTree = "<group>"; };
		B0339BE51AC7A5910018AD99 /* AFHTTPRequestOperation.m */ = {isa = PBXFileReference; fileEncoding = 4; lastKnownFileType = sourcecode.c.objc; path = AFHTTPRequestOperation.m; sourceTree = "<group>"; };
		B0339BE61AC7A5910018AD99 /* AFHTTPRequestOperationManager.h */ = {isa = PBXFileReference; fileEncoding = 4; lastKnownFileType = sourcecode.c.h; path = AFHTTPRequestOperationManager.h; sourceTree = "<group>"; };
		B0339BE71AC7A5910018AD99 /* AFHTTPRequestOperationManager.m */ = {isa = PBXFileReference; fileEncoding = 4; lastKnownFileType = sourcecode.c.objc; path = AFHTTPRequestOperationManager.m; sourceTree = "<group>"; };
		B0339BE81AC7A5910018AD99 /* AFHTTPSessionManager.h */ = {isa = PBXFileReference; fileEncoding = 4; lastKnownFileType = sourcecode.c.h; path = AFHTTPSessionManager.h; sourceTree = "<group>"; };
		B0339BE91AC7A5910018AD99 /* AFHTTPSessionManager.m */ = {isa = PBXFileReference; fileEncoding = 4; lastKnownFileType = sourcecode.c.objc; path = AFHTTPSessionManager.m; sourceTree = "<group>"; };
		B0339BEA1AC7A5910018AD99 /* AFNetworking.h */ = {isa = PBXFileReference; fileEncoding = 4; lastKnownFileType = sourcecode.c.h; path = AFNetworking.h; sourceTree = "<group>"; };
		B0339BEB1AC7A5910018AD99 /* AFNetworkReachabilityManager.h */ = {isa = PBXFileReference; fileEncoding = 4; lastKnownFileType = sourcecode.c.h; path = AFNetworkReachabilityManager.h; sourceTree = "<group>"; };
		B0339BEC1AC7A5910018AD99 /* AFNetworkReachabilityManager.m */ = {isa = PBXFileReference; fileEncoding = 4; lastKnownFileType = sourcecode.c.objc; path = AFNetworkReachabilityManager.m; sourceTree = "<group>"; };
		B0339BED1AC7A5910018AD99 /* AFSecurityPolicy.h */ = {isa = PBXFileReference; fileEncoding = 4; lastKnownFileType = sourcecode.c.h; path = AFSecurityPolicy.h; sourceTree = "<group>"; };
		B0339BEE1AC7A5910018AD99 /* AFSecurityPolicy.m */ = {isa = PBXFileReference; fileEncoding = 4; lastKnownFileType = sourcecode.c.objc; path = AFSecurityPolicy.m; sourceTree = "<group>"; };
		B0339BEF1AC7A5910018AD99 /* AFURLConnectionOperation.h */ = {isa = PBXFileReference; fileEncoding = 4; lastKnownFileType = sourcecode.c.h; path = AFURLConnectionOperation.h; sourceTree = "<group>"; };
		B0339BF01AC7A5910018AD99 /* AFURLConnectionOperation.m */ = {isa = PBXFileReference; fileEncoding = 4; lastKnownFileType = sourcecode.c.objc; path = AFURLConnectionOperation.m; sourceTree = "<group>"; };
		B0339BF11AC7A5910018AD99 /* AFURLRequestSerialization.h */ = {isa = PBXFileReference; fileEncoding = 4; lastKnownFileType = sourcecode.c.h; path = AFURLRequestSerialization.h; sourceTree = "<group>"; };
		B0339BF21AC7A5910018AD99 /* AFURLRequestSerialization.m */ = {isa = PBXFileReference; fileEncoding = 4; lastKnownFileType = sourcecode.c.objc; path = AFURLRequestSerialization.m; sourceTree = "<group>"; };
		B0339BF31AC7A5910018AD99 /* AFURLResponseSerialization.h */ = {isa = PBXFileReference; fileEncoding = 4; lastKnownFileType = sourcecode.c.h; path = AFURLResponseSerialization.h; sourceTree = "<group>"; };
		B0339BF41AC7A5910018AD99 /* AFURLResponseSerialization.m */ = {isa = PBXFileReference; fileEncoding = 4; lastKnownFileType = sourcecode.c.objc; path = AFURLResponseSerialization.m; sourceTree = "<group>"; };
		B0339BF51AC7A5910018AD99 /* AFURLSessionManager.h */ = {isa = PBXFileReference; fileEncoding = 4; lastKnownFileType = sourcecode.c.h; path = AFURLSessionManager.h; sourceTree = "<group>"; };
		B0339BF61AC7A5910018AD99 /* AFURLSessionManager.m */ = {isa = PBXFileReference; fileEncoding = 4; lastKnownFileType = sourcecode.c.objc; path = AFURLSessionManager.m; sourceTree = "<group>"; };
		B0339C011AC7A59A0018AD99 /* AFNetworkActivityIndicatorManager.h */ = {isa = PBXFileReference; fileEncoding = 4; lastKnownFileType = sourcecode.c.h; path = AFNetworkActivityIndicatorManager.h; sourceTree = "<group>"; };
		B0339C021AC7A59A0018AD99 /* AFNetworkActivityIndicatorManager.m */ = {isa = PBXFileReference; fileEncoding = 4; lastKnownFileType = sourcecode.c.objc; path = AFNetworkActivityIndicatorManager.m; sourceTree = "<group>"; };
		B0339C031AC7A59A0018AD99 /* UIActivityIndicatorView+AFNetworking.h */ = {isa = PBXFileReference; fileEncoding = 4; lastKnownFileType = sourcecode.c.h; path = "UIActivityIndicatorView+AFNetworking.h"; sourceTree = "<group>"; };
		B0339C041AC7A59A0018AD99 /* UIActivityIndicatorView+AFNetworking.m */ = {isa = PBXFileReference; fileEncoding = 4; lastKnownFileType = sourcecode.c.objc; path = "UIActivityIndicatorView+AFNetworking.m"; sourceTree = "<group>"; };
		B0339C051AC7A59A0018AD99 /* UIAlertView+AFNetworking.h */ = {isa = PBXFileReference; fileEncoding = 4; lastKnownFileType = sourcecode.c.h; path = "UIAlertView+AFNetworking.h"; sourceTree = "<group>"; };
		B0339C061AC7A59A0018AD99 /* UIAlertView+AFNetworking.m */ = {isa = PBXFileReference; fileEncoding = 4; lastKnownFileType = sourcecode.c.objc; path = "UIAlertView+AFNetworking.m"; sourceTree = "<group>"; };
		B0339C071AC7A59A0018AD99 /* UIButton+AFNetworking.h */ = {isa = PBXFileReference; fileEncoding = 4; lastKnownFileType = sourcecode.c.h; path = "UIButton+AFNetworking.h"; sourceTree = "<group>"; };
		B0339C081AC7A59A0018AD99 /* UIButton+AFNetworking.m */ = {isa = PBXFileReference; fileEncoding = 4; lastKnownFileType = sourcecode.c.objc; path = "UIButton+AFNetworking.m"; sourceTree = "<group>"; };
		B0339C091AC7A59A0018AD99 /* UIImageView+AFNetworking.h */ = {isa = PBXFileReference; fileEncoding = 4; lastKnownFileType = sourcecode.c.h; path = "UIImageView+AFNetworking.h"; sourceTree = "<group>"; };
		B0339C0A1AC7A59A0018AD99 /* UIImageView+AFNetworking.m */ = {isa = PBXFileReference; fileEncoding = 4; lastKnownFileType = sourcecode.c.objc; path = "UIImageView+AFNetworking.m"; sourceTree = "<group>"; };
		B0339C0B1AC7A59A0018AD99 /* UIKit+AFNetworking.h */ = {isa = PBXFileReference; fileEncoding = 4; lastKnownFileType = sourcecode.c.h; path = "UIKit+AFNetworking.h"; sourceTree = "<group>"; };
		B0339C0C1AC7A59A0018AD99 /* UIProgressView+AFNetworking.h */ = {isa = PBXFileReference; fileEncoding = 4; lastKnownFileType = sourcecode.c.h; path = "UIProgressView+AFNetworking.h"; sourceTree = "<group>"; };
		B0339C0D1AC7A59A0018AD99 /* UIProgressView+AFNetworking.m */ = {isa = PBXFileReference; fileEncoding = 4; lastKnownFileType = sourcecode.c.objc; path = "UIProgressView+AFNetworking.m"; sourceTree = "<group>"; };
		B0339C0E1AC7A59A0018AD99 /* UIRefreshControl+AFNetworking.h */ = {isa = PBXFileReference; fileEncoding = 4; lastKnownFileType = sourcecode.c.h; path = "UIRefreshControl+AFNetworking.h"; sourceTree = "<group>"; };
		B0339C0F1AC7A59A0018AD99 /* UIRefreshControl+AFNetworking.m */ = {isa = PBXFileReference; fileEncoding = 4; lastKnownFileType = sourcecode.c.objc; path = "UIRefreshControl+AFNetworking.m"; sourceTree = "<group>"; };
		B0339C101AC7A59A0018AD99 /* UIWebView+AFNetworking.h */ = {isa = PBXFileReference; fileEncoding = 4; lastKnownFileType = sourcecode.c.h; path = "UIWebView+AFNetworking.h"; sourceTree = "<group>"; };
		B0339C111AC7A59A0018AD99 /* UIWebView+AFNetworking.m */ = {isa = PBXFileReference; fileEncoding = 4; lastKnownFileType = sourcecode.c.objc; path = "UIWebView+AFNetworking.m"; sourceTree = "<group>"; };
		B0339C1A1AC7BF3C0018AD99 /* DianpingApi.h */ = {isa = PBXFileReference; fileEncoding = 4; lastKnownFileType = sourcecode.c.h; path = DianpingApi.h; sourceTree = "<group>"; };
		B0339C1B1AC7BF3C0018AD99 /* DianpingApi.m */ = {isa = PBXFileReference; fileEncoding = 4; lastKnownFileType = sourcecode.c.objc; path = DianpingApi.m; sourceTree = "<group>"; };
		B0339C1E1AC7C6470018AD99 /* HomeBusinessCell.h */ = {isa = PBXFileReference; fileEncoding = 4; lastKnownFileType = sourcecode.c.h; path = HomeBusinessCell.h; sourceTree = "<group>"; };
		B0339C1F1AC7C6470018AD99 /* HomeBusinessCell.m */ = {isa = PBXFileReference; fileEncoding = 4; lastKnownFileType = sourcecode.c.objc; path = HomeBusinessCell.m; sourceTree = "<group>"; };
		B0339C231AC7CD600018AD99 /* businessInfo.h */ = {isa = PBXFileReference; fileEncoding = 4; lastKnownFileType = sourcecode.c.h; path = businessInfo.h; sourceTree = "<group>"; };
		B0339C241AC7CD600018AD99 /* businessInfo.m */ = {isa = PBXFileReference; fileEncoding = 4; lastKnownFileType = sourcecode.c.objc; path = businessInfo.m; sourceTree = "<group>"; };
		B039D9A11ACA411200630EC8 /* MHTabBarActiveTab_1.png */ = {isa = PBXFileReference; lastKnownFileType = image.png; path = MHTabBarActiveTab_1.png; sourceTree = "<group>"; };
		B039D9A21ACA411200630EC8 /* MHTabBarActiveTab_1@2x.png */ = {isa = PBXFileReference; lastKnownFileType = image.png; path = "MHTabBarActiveTab_1@2x.png"; sourceTree = "<group>"; };
		B039D9A31ACA411200630EC8 /* MHTabBarInactiveTab_1.png */ = {isa = PBXFileReference; lastKnownFileType = image.png; path = MHTabBarInactiveTab_1.png; sourceTree = "<group>"; };
		B039D9A41ACA411200630EC8 /* MHTabBarInactiveTab_1@2x.png */ = {isa = PBXFileReference; lastKnownFileType = image.png; path = "MHTabBarInactiveTab_1@2x.png"; sourceTree = "<group>"; };
		B039D9A51ACA411200630EC8 /* MHCategoryViewController.h */ = {isa = PBXFileReference; fileEncoding = 4; lastKnownFileType = sourcecode.c.h; path = MHCategoryViewController.h; sourceTree = "<group>"; };
		B039D9A61ACA411200630EC8 /* MHCategoryViewController.m */ = {isa = PBXFileReference; fileEncoding = 4; lastKnownFileType = sourcecode.c.objc; path = MHCategoryViewController.m; sourceTree = "<group>"; };
		B039D9A71ACA411200630EC8 /* MHTabBarActiveTab.png */ = {isa = PBXFileReference; lastKnownFileType = image.png; path = MHTabBarActiveTab.png; sourceTree = "<group>"; };
		B039D9A81ACA411200630EC8 /* MHTabBarActiveTab@2x.png */ = {isa = PBXFileReference; lastKnownFileType = image.png; path = "MHTabBarActiveTab@2x.png"; sourceTree = "<group>"; };
		B039D9A91ACA411200630EC8 /* MHTabBarController.h */ = {isa = PBXFileReference; fileEncoding = 4; lastKnownFileType = sourcecode.c.h; path = MHTabBarController.h; sourceTree = "<group>"; };
		B039D9AA1ACA411200630EC8 /* MHTabBarController.m */ = {isa = PBXFileReference; fileEncoding = 4; lastKnownFileType = sourcecode.c.objc; path = MHTabBarController.m; sourceTree = "<group>"; };
		B039D9AB1ACA411200630EC8 /* MHTabBarInactiveTab.png */ = {isa = PBXFileReference; lastKnownFileType = image.png; path = MHTabBarInactiveTab.png; sourceTree = "<group>"; };
		B039D9AC1ACA411200630EC8 /* MHTabBarInactiveTab@2x.png */ = {isa = PBXFileReference; lastKnownFileType = image.png; path = "MHTabBarInactiveTab@2x.png"; sourceTree = "<group>"; };
		B039D9AD1ACA411200630EC8 /* MHTabBarIndicator.png */ = {isa = PBXFileReference; lastKnownFileType = image.png; path = MHTabBarIndicator.png; sourceTree = "<group>"; };
		B039D9AE1ACA411200630EC8 /* MHTabBarIndicator@2x.png */ = {isa = PBXFileReference; lastKnownFileType = image.png; path = "MHTabBarIndicator@2x.png"; sourceTree = "<group>"; };
		B039D9B01ACA411200630EC8 /* pinyin.c */ = {isa = PBXFileReference; fileEncoding = 4; lastKnownFileType = sourcecode.c.c; path = pinyin.c; sourceTree = "<group>"; };
		B039D9B11ACA411200630EC8 /* pinyin.h */ = {isa = PBXFileReference; fileEncoding = 4; lastKnownFileType = sourcecode.c.h; path = pinyin.h; sourceTree = "<group>"; };
		B039D9BF1ACA787800630EC8 /* MCWTgFooterView.h */ = {isa = PBXFileReference; fileEncoding = 4; lastKnownFileType = sourcecode.c.h; path = MCWTgFooterView.h; sourceTree = "<group>"; };
		B039D9C01ACA787800630EC8 /* MCWTgFooterView.m */ = {isa = PBXFileReference; fileEncoding = 4; lastKnownFileType = sourcecode.c.objc; path = MCWTgFooterView.m; sourceTree = "<group>"; };
		B039D9C11ACA787800630EC8 /* MCWTgFooterView.xib */ = {isa = PBXFileReference; fileEncoding = 4; lastKnownFileType = file.xib; path = MCWTgFooterView.xib; sourceTree = "<group>"; };
		B0A7938C1AC7EEC700DAC8A4 /* HomeBusinessCell.xib */ = {isa = PBXFileReference; fileEncoding = 4; lastKnownFileType = file.xib; path = HomeBusinessCell.xib; sourceTree = "<group>"; };
		CC7812791AC6C37D005EB43A /* 大众点评.app */ = {isa = PBXFileReference; explicitFileType = wrapper.application; includeInIndex = 0; path = "大众点评.app"; sourceTree = BUILT_PRODUCTS_DIR; };
		CC78127D1AC6C37D005EB43A /* Info.plist */ = {isa = PBXFileReference; lastKnownFileType = text.plist.xml; path = Info.plist; sourceTree = "<group>"; };
		CC78127E1AC6C37D005EB43A /* main.m */ = {isa = PBXFileReference; lastKnownFileType = sourcecode.c.objc; path = main.m; sourceTree = "<group>"; };
		CC7812801AC6C37D005EB43A /* AppDelegate.h */ = {isa = PBXFileReference; lastKnownFileType = sourcecode.c.h; path = AppDelegate.h; sourceTree = "<group>"; };
		CC7812811AC6C37D005EB43A /* AppDelegate.m */ = {isa = PBXFileReference; lastKnownFileType = sourcecode.c.objc; path = AppDelegate.m; sourceTree = "<group>"; };
		CC7812891AC6C37D005EB43A /* Images.xcassets */ = {isa = PBXFileReference; lastKnownFileType = folder.assetcatalog; path = Images.xcassets; sourceTree = "<group>"; };
		CC78128C1AC6C37D005EB43A /* Base */ = {isa = PBXFileReference; lastKnownFileType = file.xib; name = Base; path = Base.lproj/LaunchScreen.xib; sourceTree = "<group>"; };
		CC7812921AC6C37D005EB43A /* 大众点评Tests.xctest */ = {isa = PBXFileReference; explicitFileType = wrapper.cfbundle; includeInIndex = 0; path = "大众点评Tests.xctest"; sourceTree = BUILT_PRODUCTS_DIR; };
		CC7812971AC6C37D005EB43A /* Info.plist */ = {isa = PBXFileReference; lastKnownFileType = text.plist.xml; path = Info.plist; sourceTree = "<group>"; };
		CC7812981AC6C37D005EB43A /* ____Tests.m */ = {isa = PBXFileReference; lastKnownFileType = sourcecode.c.objc; path = "____Tests.m"; sourceTree = "<group>"; };
		CC7812A21AC6CAC9005EB43A /* TabBarBaseController.h */ = {isa = PBXFileReference; fileEncoding = 4; lastKnownFileType = sourcecode.c.h; path = TabBarBaseController.h; sourceTree = "<group>"; };
		CC7812A31AC6CAC9005EB43A /* TabBarBaseController.m */ = {isa = PBXFileReference; fileEncoding = 4; lastKnownFileType = sourcecode.c.objc; path = TabBarBaseController.m; sourceTree = "<group>"; };
		CC7812AC1AC6CC6F005EB43A /* BaseNavigationController.h */ = {isa = PBXFileReference; fileEncoding = 4; lastKnownFileType = sourcecode.c.h; path = BaseNavigationController.h; sourceTree = "<group>"; };
		CC7812AD1AC6CC6F005EB43A /* BaseNavigationController.m */ = {isa = PBXFileReference; fileEncoding = 4; lastKnownFileType = sourcecode.c.objc; path = BaseNavigationController.m; sourceTree = "<group>"; };
		CC7812AF1AC6CD61005EB43A /* HomeTableController.h */ = {isa = PBXFileReference; fileEncoding = 4; lastKnownFileType = sourcecode.c.h; path = HomeTableController.h; sourceTree = "<group>"; };
		CC7812B01AC6CD61005EB43A /* HomeTableController.m */ = {isa = PBXFileReference; fileEncoding = 4; lastKnownFileType = sourcecode.c.objc; path = HomeTableController.m; sourceTree = "<group>"; };
		CC7812B21AC6CD80005EB43A /* GroupShopTableController.h */ = {isa = PBXFileReference; fileEncoding = 4; lastKnownFileType = sourcecode.c.h; path = GroupShopTableController.h; sourceTree = "<group>"; };
		CC7812B31AC6CD80005EB43A /* GroupShopTableController.m */ = {isa = PBXFileReference; fileEncoding = 4; lastKnownFileType = sourcecode.c.objc; path = GroupShopTableController.m; sourceTree = "<group>"; };
		CC7812B51AC6CE51005EB43A /* DiscoverTableController.h */ = {isa = PBXFileReference; fileEncoding = 4; lastKnownFileType = sourcecode.c.h; path = DiscoverTableController.h; sourceTree = "<group>"; };
		CC7812B61AC6CE51005EB43A /* DiscoverTableController.m */ = {isa = PBXFileReference; fileEncoding = 4; lastKnownFileType = sourcecode.c.objc; path = DiscoverTableController.m; sourceTree = "<group>"; };
		CC7812B81AC6CE63005EB43A /* MineTableController.h */ = {isa = PBXFileReference; fileEncoding = 4; lastKnownFileType = sourcecode.c.h; path = MineTableController.h; sourceTree = "<group>"; };
		CC7812B91AC6CE63005EB43A /* MineTableController.m */ = {isa = PBXFileReference; fileEncoding = 4; lastKnownFileType = sourcecode.c.objc; path = MineTableController.m; sourceTree = "<group>"; };
		CC7812BB1AC6D161005EB43A /* CustomNaviButton.h */ = {isa = PBXFileReference; fileEncoding = 4; lastKnownFileType = sourcecode.c.h; path = CustomNaviButton.h; sourceTree = "<group>"; };
		CC7812BC1AC6D161005EB43A /* CustomNaviButton.m */ = {isa = PBXFileReference; fileEncoding = 4; lastKnownFileType = sourcecode.c.objc; path = CustomNaviButton.m; sourceTree = "<group>"; };
		CC7812BE1AC6D3C6005EB43A /* UIView+Extension.h */ = {isa = PBXFileReference; fileEncoding = 4; lastKnownFileType = sourcecode.c.h; path = "UIView+Extension.h"; sourceTree = "<group>"; };
		CC7812BF1AC6D3C6005EB43A /* UIView+Extension.m */ = {isa = PBXFileReference; fileEncoding = 4; lastKnownFileType = sourcecode.c.objc; path = "UIView+Extension.m"; sourceTree = "<group>"; };
		CC7812C01AC6D3C6005EB43A /* UIImage+Extension.h */ = {isa = PBXFileReference; fileEncoding = 4; lastKnownFileType = sourcecode.c.h; path = "UIImage+Extension.h"; sourceTree = "<group>"; };
		CC7812C11AC6D3C6005EB43A /* UIImage+Extension.m */ = {isa = PBXFileReference; fileEncoding = 4; lastKnownFileType = sourcecode.c.objc; path = "UIImage+Extension.m"; sourceTree = "<group>"; };
		CC7812CD1AC6E802005EB43A /* headerLayout.h */ = {isa = PBXFileReference; fileEncoding = 4; lastKnownFileType = sourcecode.c.h; path = headerLayout.h; sourceTree = "<group>"; };
		CC7812CE1AC6E802005EB43A /* headerLayout.m */ = {isa = PBXFileReference; fileEncoding = 4; lastKnownFileType = sourcecode.c.objc; path = headerLayout.m; sourceTree = "<group>"; };
		CC7812D01AC6EA8E005EB43A /* CollectionViewCell.h */ = {isa = PBXFileReference; fileEncoding = 4; lastKnownFileType = sourcecode.c.h; path = CollectionViewCell.h; sourceTree = "<group>"; };
		CC7812D11AC6EA8E005EB43A /* CollectionViewCell.m */ = {isa = PBXFileReference; fileEncoding = 4; lastKnownFileType = sourcecode.c.objc; path = CollectionViewCell.m; sourceTree = "<group>"; };
		CC7812D31AC6F13C005EB43A /* HeaderItem.h */ = {isa = PBXFileReference; fileEncoding = 4; lastKnownFileType = sourcecode.c.h; path = HeaderItem.h; sourceTree = "<group>"; };
		CC7812D41AC6F13C005EB43A /* HeaderItem.m */ = {isa = PBXFileReference; fileEncoding = 4; lastKnownFileType = sourcecode.c.objc; path = HeaderItem.m; sourceTree = "<group>"; };
		CC7812D61AC70061005EB43A /* AreaTableController.h */ = {isa = PBXFileReference; fileEncoding = 4; lastKnownFileType = sourcecode.c.h; path = AreaTableController.h; sourceTree = "<group>"; };
		CC7812D71AC70061005EB43A /* AreaTableController.m */ = {isa = PBXFileReference; fileEncoding = 4; lastKnownFileType = sourcecode.c.objc; path = AreaTableController.m; sourceTree = "<group>"; };
/* End PBXFileReference section */

/* Begin PBXFrameworksBuildPhase section */
		CC7812761AC6C37D005EB43A /* Frameworks */ = {
			isa = PBXFrameworksBuildPhase;
			buildActionMask = 2147483647;
			files = (
			);
			runOnlyForDeploymentPostprocessing = 0;
		};
		CC78128F1AC6C37D005EB43A /* Frameworks */ = {
			isa = PBXFrameworksBuildPhase;
			buildActionMask = 2147483647;
			files = (
			);
			runOnlyForDeploymentPostprocessing = 0;
		};
/* End PBXFrameworksBuildPhase section */

/* Begin PBXGroup section */
		B03384AF1AC8EDB500ACE8C1 /* Welcome */ = {
			isa = PBXGroup;
			children = (
				B03384B01AC8EDBE00ACE8C1 /* controller */,
			);
			name = Welcome;
			sourceTree = "<group>";
		};
		B03384B01AC8EDBE00ACE8C1 /* controller */ = {
			isa = PBXGroup;
			children = (
				B03384B11AC8EDDD00ACE8C1 /* WelcomeViewController.h */,
				B03384B21AC8EDDD00ACE8C1 /* WelcomeViewController.m */,
			);
			name = controller;
			sourceTree = "<group>";
		};
		B03384B71AC9428700ACE8C1 /* controller */ = {
			isa = PBXGroup;
			children = (
				CC7812B21AC6CD80005EB43A /* GroupShopTableController.h */,
				CC7812B31AC6CD80005EB43A /* GroupShopTableController.m */,
			);
			name = controller;
			sourceTree = "<group>";
		};
		B03384B81AC9429800ACE8C1 /* model */ = {
			isa = PBXGroup;
			children = (
			);
			name = model;
			sourceTree = "<group>";
		};
		B03384B91AC942A100ACE8C1 /* view */ = {
			isa = PBXGroup;
			children = (
			);
			name = view;
			sourceTree = "<group>";
		};
		B0339BE01AC7A4F20018AD99 /* category */ = {
			isa = PBXGroup;
			children = (
				CC7812BE1AC6D3C6005EB43A /* UIView+Extension.h */,
				CC7812BF1AC6D3C6005EB43A /* UIView+Extension.m */,
				CC7812C01AC6D3C6005EB43A /* UIImage+Extension.h */,
				CC7812C11AC6D3C6005EB43A /* UIImage+Extension.m */,
			);
			name = category;
			sourceTree = "<group>";
		};
		B0339BE11AC7A5190018AD99 /* customClass */ = {
			isa = PBXGroup;
			children = (
				CC7812BB1AC6D161005EB43A /* CustomNaviButton.h */,
				CC7812BC1AC6D161005EB43A /* CustomNaviButton.m */,
			);
			name = customClass;
			sourceTree = "<group>";
		};
		B0339BE31AC7A5910018AD99 /* AFNetworking */ = {
			isa = PBXGroup;
			children = (
				B0339BE41AC7A5910018AD99 /* AFHTTPRequestOperation.h */,
				B0339BE51AC7A5910018AD99 /* AFHTTPRequestOperation.m */,
				B0339BE61AC7A5910018AD99 /* AFHTTPRequestOperationManager.h */,
				B0339BE71AC7A5910018AD99 /* AFHTTPRequestOperationManager.m */,
				B0339BE81AC7A5910018AD99 /* AFHTTPSessionManager.h */,
				B0339BE91AC7A5910018AD99 /* AFHTTPSessionManager.m */,
				B0339BEA1AC7A5910018AD99 /* AFNetworking.h */,
				B0339BEB1AC7A5910018AD99 /* AFNetworkReachabilityManager.h */,
				B0339BEC1AC7A5910018AD99 /* AFNetworkReachabilityManager.m */,
				B0339BED1AC7A5910018AD99 /* AFSecurityPolicy.h */,
				B0339BEE1AC7A5910018AD99 /* AFSecurityPolicy.m */,
				B0339BEF1AC7A5910018AD99 /* AFURLConnectionOperation.h */,
				B0339BF01AC7A5910018AD99 /* AFURLConnectionOperation.m */,
				B0339BF11AC7A5910018AD99 /* AFURLRequestSerialization.h */,
				B0339BF21AC7A5910018AD99 /* AFURLRequestSerialization.m */,
				B0339BF31AC7A5910018AD99 /* AFURLResponseSerialization.h */,
				B0339BF41AC7A5910018AD99 /* AFURLResponseSerialization.m */,
				B0339BF51AC7A5910018AD99 /* AFURLSessionManager.h */,
				B0339BF61AC7A5910018AD99 /* AFURLSessionManager.m */,
			);
			path = AFNetworking;
			sourceTree = "<group>";
		};
		B0339C001AC7A59A0018AD99 /* UIKit+AFNetworking */ = {
			isa = PBXGroup;
			children = (
				B0339C011AC7A59A0018AD99 /* AFNetworkActivityIndicatorManager.h */,
				B0339C021AC7A59A0018AD99 /* AFNetworkActivityIndicatorManager.m */,
				B0339C031AC7A59A0018AD99 /* UIActivityIndicatorView+AFNetworking.h */,
				B0339C041AC7A59A0018AD99 /* UIActivityIndicatorView+AFNetworking.m */,
				B0339C051AC7A59A0018AD99 /* UIAlertView+AFNetworking.h */,
				B0339C061AC7A59A0018AD99 /* UIAlertView+AFNetworking.m */,
				B0339C071AC7A59A0018AD99 /* UIButton+AFNetworking.h */,
				B0339C081AC7A59A0018AD99 /* UIButton+AFNetworking.m */,
				B0339C091AC7A59A0018AD99 /* UIImageView+AFNetworking.h */,
				B0339C0A1AC7A59A0018AD99 /* UIImageView+AFNetworking.m */,
				B0339C0B1AC7A59A0018AD99 /* UIKit+AFNetworking.h */,
				B0339C0C1AC7A59A0018AD99 /* UIProgressView+AFNetworking.h */,
				B0339C0D1AC7A59A0018AD99 /* UIProgressView+AFNetworking.m */,
				B0339C0E1AC7A59A0018AD99 /* UIRefreshControl+AFNetworking.h */,
				B0339C0F1AC7A59A0018AD99 /* UIRefreshControl+AFNetworking.m */,
				B0339C101AC7A59A0018AD99 /* UIWebView+AFNetworking.h */,
				B0339C111AC7A59A0018AD99 /* UIWebView+AFNetworking.m */,
			);
			path = "UIKit+AFNetworking";
			sourceTree = "<group>";
		};
		B0339C1D1AC7BF480018AD99 /* web */ = {
			isa = PBXGroup;
			children = (
				B0339C1A1AC7BF3C0018AD99 /* DianpingApi.h */,
				B0339C1B1AC7BF3C0018AD99 /* DianpingApi.m */,
			);
			name = web;
			sourceTree = "<group>";
		};
		B039D99F1ACA411200630EC8 /* MHTabBarController */ = {
			isa = PBXGroup;
			children = (
				B039D9A01ACA411200630EC8 /* mh */,
				B039D9A51ACA411200630EC8 /* MHCategoryViewController.h */,
				B039D9A61ACA411200630EC8 /* MHCategoryViewController.m */,
				B039D9A71ACA411200630EC8 /* MHTabBarActiveTab.png */,
				B039D9A81ACA411200630EC8 /* MHTabBarActiveTab@2x.png */,
				B039D9A91ACA411200630EC8 /* MHTabBarController.h */,
				B039D9AA1ACA411200630EC8 /* MHTabBarController.m */,
				B039D9AB1ACA411200630EC8 /* MHTabBarInactiveTab.png */,
				B039D9AC1ACA411200630EC8 /* MHTabBarInactiveTab@2x.png */,
				B039D9AD1ACA411200630EC8 /* MHTabBarIndicator.png */,
				B039D9AE1ACA411200630EC8 /* MHTabBarIndicator@2x.png */,
				B039D9AF1ACA411200630EC8 /* pinyin */,
			);
			path = MHTabBarController;
			sourceTree = "<group>";
		};
		B039D9A01ACA411200630EC8 /* mh */ = {
			isa = PBXGroup;
			children = (
				B039D9A11ACA411200630EC8 /* MHTabBarActiveTab_1.png */,
				B039D9A21ACA411200630EC8 /* MHTabBarActiveTab_1@2x.png */,
				B039D9A31ACA411200630EC8 /* MHTabBarInactiveTab_1.png */,
				B039D9A41ACA411200630EC8 /* MHTabBarInactiveTab_1@2x.png */,
			);
			path = mh;
			sourceTree = "<group>";
		};
		B039D9AF1ACA411200630EC8 /* pinyin */ = {
			isa = PBXGroup;
			children = (
				B039D9B01ACA411200630EC8 /* pinyin.c */,
				B039D9B11ACA411200630EC8 /* pinyin.h */,
			);
			path = pinyin;
			sourceTree = "<group>";
		};
		CC7812701AC6C37D005EB43A = {
			isa = PBXGroup;
			children = (
				CC78127B1AC6C37D005EB43A /* 大众点评 */,
				CC7812951AC6C37D005EB43A /* 大众点评Tests */,
				CC78127A1AC6C37D005EB43A /* Products */,
			);
			sourceTree = "<group>";
		};
		CC78127A1AC6C37D005EB43A /* Products */ = {
			isa = PBXGroup;
			children = (
				CC7812791AC6C37D005EB43A /* 大众点评.app */,
				CC7812921AC6C37D005EB43A /* 大众点评Tests.xctest */,
			);
			name = Products;
			sourceTree = "<group>";
		};
		CC78127B1AC6C37D005EB43A /* 大众点评 */ = {
			isa = PBXGroup;
			children = (
				B03384AF1AC8EDB500ACE8C1 /* Welcome */,
				CC7812AB1AC6CC0B005EB43A /* main */,
				CC7812AA1AC6CBFB005EB43A /* tool */,
				CC7812A91AC6CBF4005EB43A /* other */,
				CC7812A81AC6CBED005EB43A /* 我的 */,
				CC7812A71AC6CBE7005EB43A /* 发现 */,
				CC7812A61AC6CBC7005EB43A /* 团购 */,
				CC7812A51AC6CBBA005EB43A /* 首页 */,
				CC78127C1AC6C37D005EB43A /* Supporting Files */,
			);
			path = "大众点评";
			sourceTree = "<group>";
		};
		CC78127C1AC6C37D005EB43A /* Supporting Files */ = {
			isa = PBXGroup;
			children = (
				B039D99F1ACA411200630EC8 /* MHTabBarController */,
				B03384A91AC8ED3C00ACE8C1 /* 引导页－1.jpg */,
				B03384AA1AC8ED3C00ACE8C1 /* 引导页－2.jpg */,
				B03384AB1AC8ED3C00ACE8C1 /* 引导页－3.jpg */,
				B03384A71AC8ED1000ACE8C1 /* category.plist */,
				B03384A51AC8ECF800ACE8C1 /* region.plist */,
				CC7812891AC6C37D005EB43A /* Images.xcassets */,
				CC78128B1AC6C37D005EB43A /* LaunchScreen.xib */,
				CC78127D1AC6C37D005EB43A /* Info.plist */,
				CC78127E1AC6C37D005EB43A /* main.m */,
			);
			name = "Supporting Files";
			sourceTree = "<group>";
		};
		CC7812951AC6C37D005EB43A /* 大众点评Tests */ = {
			isa = PBXGroup;
			children = (
				CC7812981AC6C37D005EB43A /* ____Tests.m */,
				CC7812961AC6C37D005EB43A /* Supporting Files */,
			);
			path = "大众点评Tests";
			sourceTree = "<group>";
		};
		CC7812961AC6C37D005EB43A /* Supporting Files */ = {
			isa = PBXGroup;
			children = (
				CC7812971AC6C37D005EB43A /* Info.plist */,
			);
			name = "Supporting Files";
			sourceTree = "<group>";
		};
		CC7812A51AC6CBBA005EB43A /* 首页 */ = {
			isa = PBXGroup;
			children = (
				CC7812C91AC6E622005EB43A /* view */,
				CC7812C81AC6E612005EB43A /* model */,
				CC7812C71AC6E5F8005EB43A /* controller */,
			);
			name = "首页";
			sourceTree = "<group>";
		};
		CC7812A61AC6CBC7005EB43A /* 团购 */ = {
			isa = PBXGroup;
			children = (
				B03384B91AC942A100ACE8C1 /* view */,
				B03384B81AC9429800ACE8C1 /* model */,
				B03384B71AC9428700ACE8C1 /* controller */,
			);
			name = "团购";
			sourceTree = "<group>";
		};
		CC7812A71AC6CBE7005EB43A /* 发现 */ = {
			isa = PBXGroup;
			children = (
				CC7812B51AC6CE51005EB43A /* DiscoverTableController.h */,
				CC7812B61AC6CE51005EB43A /* DiscoverTableController.m */,
			);
			name = "发现";
			sourceTree = "<group>";
		};
		CC7812A81AC6CBED005EB43A /* 我的 */ = {
			isa = PBXGroup;
			children = (
				CC7812B81AC6CE63005EB43A /* MineTableController.h */,
				CC7812B91AC6CE63005EB43A /* MineTableController.m */,
			);
			name = "我的";
			sourceTree = "<group>";
		};
		CC7812A91AC6CBF4005EB43A /* other */ = {
			isa = PBXGroup;
			children = (
				CC7812801AC6C37D005EB43A /* AppDelegate.h */,
				CC7812811AC6C37D005EB43A /* AppDelegate.m */,
			);
			name = other;
			sourceTree = "<group>";
		};
		CC7812AA1AC6CBFB005EB43A /* tool */ = {
			isa = PBXGroup;
			children = (
				B0339C1D1AC7BF480018AD99 /* web */,
				B0339C001AC7A59A0018AD99 /* UIKit+AFNetworking */,
				B0339BE31AC7A5910018AD99 /* AFNetworking */,
				B0339BE11AC7A5190018AD99 /* customClass */,
				B0339BE01AC7A4F20018AD99 /* category */,
			);
			name = tool;
			sourceTree = "<group>";
		};
		CC7812AB1AC6CC0B005EB43A /* main */ = {
			isa = PBXGroup;
			children = (
				CC7812A21AC6CAC9005EB43A /* TabBarBaseController.h */,
				CC7812A31AC6CAC9005EB43A /* TabBarBaseController.m */,
				CC7812AC1AC6CC6F005EB43A /* BaseNavigationController.h */,
				CC7812AD1AC6CC6F005EB43A /* BaseNavigationController.m */,
			);
			name = main;
			sourceTree = "<group>";
		};
		CC7812C71AC6E5F8005EB43A /* controller */ = {
			isa = PBXGroup;
			children = (
				CC7812AF1AC6CD61005EB43A /* HomeTableController.h */,
				CC7812B01AC6CD61005EB43A /* HomeTableController.m */,
				B03384A21AC8DFD300ACE8C1 /* HomeWebViewController.h */,
				B03384A31AC8DFD300ACE8C1 /* HomeWebViewController.m */,
				CC7812D61AC70061005EB43A /* AreaTableController.h */,
				CC7812D71AC70061005EB43A /* AreaTableController.m */,
			);
			name = controller;
			sourceTree = "<group>";
		};
		CC7812C81AC6E612005EB43A /* model */ = {
			isa = PBXGroup;
			children = (
				CC7812CD1AC6E802005EB43A /* headerLayout.h */,
				CC7812CE1AC6E802005EB43A /* headerLayout.m */,
				CC7812D31AC6F13C005EB43A /* HeaderItem.h */,
				CC7812D41AC6F13C005EB43A /* HeaderItem.m */,
				B0339C231AC7CD600018AD99 /* businessInfo.h */,
				B0339C241AC7CD600018AD99 /* businessInfo.m */,
			);
			name = model;
			sourceTree = "<group>";
		};
		CC7812C91AC6E622005EB43A /* view */ = {
			isa = PBXGroup;
			children = (
				B039D9BF1ACA787800630EC8 /* MCWTgFooterView.h */,
				B039D9C01ACA787800630EC8 /* MCWTgFooterView.m */,
				B039D9C11ACA787800630EC8 /* MCWTgFooterView.xib */,
				B0339C1E1AC7C6470018AD99 /* HomeBusinessCell.h */,
				B0339C1F1AC7C6470018AD99 /* HomeBusinessCell.m */,
				B0A7938C1AC7EEC700DAC8A4 /* HomeBusinessCell.xib */,
				CC7812D01AC6EA8E005EB43A /* CollectionViewCell.h */,
				CC7812D11AC6EA8E005EB43A /* CollectionViewCell.m */,
			);
			name = view;
			sourceTree = "<group>";
		};
/* End PBXGroup section */

/* Begin PBXNativeTarget section */
		CC7812781AC6C37D005EB43A /* 大众点评 */ = {
			isa = PBXNativeTarget;
			buildConfigurationList = CC78129C1AC6C37D005EB43A /* Build configuration list for PBXNativeTarget "大众点评" */;
			buildPhases = (
				CC7812751AC6C37D005EB43A /* Sources */,
				CC7812761AC6C37D005EB43A /* Frameworks */,
				CC7812771AC6C37D005EB43A /* Resources */,
			);
			buildRules = (
			);
			dependencies = (
			);
			name = "大众点评";
			productName = "大众点评";
			productReference = CC7812791AC6C37D005EB43A /* 大众点评.app */;
			productType = "com.apple.product-type.application";
		};
		CC7812911AC6C37D005EB43A /* 大众点评Tests */ = {
			isa = PBXNativeTarget;
			buildConfigurationList = CC78129F1AC6C37D005EB43A /* Build configuration list for PBXNativeTarget "大众点评Tests" */;
			buildPhases = (
				CC78128E1AC6C37D005EB43A /* Sources */,
				CC78128F1AC6C37D005EB43A /* Frameworks */,
				CC7812901AC6C37D005EB43A /* Resources */,
			);
			buildRules = (
			);
			dependencies = (
				CC7812941AC6C37D005EB43A /* PBXTargetDependency */,
			);
			name = "大众点评Tests";
			productName = "大众点评Tests";
			productReference = CC7812921AC6C37D005EB43A /* 大众点评Tests.xctest */;
			productType = "com.apple.product-type.bundle.unit-test";
		};
/* End PBXNativeTarget section */

/* Begin PBXProject section */
		CC7812711AC6C37D005EB43A /* Project object */ = {
			isa = PBXProject;
			attributes = {
				LastUpgradeCheck = 0620;
				ORGANIZATIONNAME = cuihongmao;
				TargetAttributes = {
					CC7812781AC6C37D005EB43A = {
						CreatedOnToolsVersion = 6.2;
					};
					CC7812911AC6C37D005EB43A = {
						CreatedOnToolsVersion = 6.2;
						TestTargetID = CC7812781AC6C37D005EB43A;
					};
				};
			};
			buildConfigurationList = CC7812741AC6C37D005EB43A /* Build configuration list for PBXProject "大众点评" */;
			compatibilityVersion = "Xcode 3.2";
			developmentRegion = English;
			hasScannedForEncodings = 0;
			knownRegions = (
				en,
				Base,
			);
			mainGroup = CC7812701AC6C37D005EB43A;
			productRefGroup = CC78127A1AC6C37D005EB43A /* Products */;
			projectDirPath = "";
			projectRoot = "";
			targets = (
				CC7812781AC6C37D005EB43A /* 大众点评 */,
				CC7812911AC6C37D005EB43A /* 大众点评Tests */,
			);
		};
/* End PBXProject section */

/* Begin PBXResourcesBuildPhase section */
		CC7812771AC6C37D005EB43A /* Resources */ = {
			isa = PBXResourcesBuildPhase;
			buildActionMask = 2147483647;
			files = (
				B039D9B51ACA411200630EC8 /* MHTabBarInactiveTab_1@2x.png in Resources */,
				B039D9BA1ACA411200630EC8 /* MHTabBarInactiveTab.png in Resources */,
				B039D9BB1ACA411200630EC8 /* MHTabBarInactiveTab@2x.png in Resources */,
				B03384A81AC8ED1000ACE8C1 /* category.plist in Resources */,
				B03384A61AC8ECF800ACE8C1 /* region.plist in Resources */,
				CC78128D1AC6C37D005EB43A /* LaunchScreen.xib in Resources */,
				B039D9B31ACA411200630EC8 /* MHTabBarActiveTab_1@2x.png in Resources */,
				B039D9B71ACA411200630EC8 /* MHTabBarActiveTab.png in Resources */,
				B039D9B21ACA411200630EC8 /* MHTabBarActiveTab_1.png in Resources */,
				B03384AE1AC8ED3C00ACE8C1 /* 引导页－3.jpg in Resources */,
				B039D9BC1ACA411200630EC8 /* MHTabBarIndicator.png in Resources */,
				B039D9BD1ACA411200630EC8 /* MHTabBarIndicator@2x.png in Resources */,
				B039D9B41ACA411200630EC8 /* MHTabBarInactiveTab_1.png in Resources */,
				CC78128A1AC6C37D005EB43A /* Images.xcassets in Resources */,
				B0A7938D1AC7EEC700DAC8A4 /* HomeBusinessCell.xib in Resources */,
				B039D9B81ACA411200630EC8 /* MHTabBarActiveTab@2x.png in Resources */,
				B039D9C31ACA787800630EC8 /* MCWTgFooterView.xib in Resources */,
				B03384AD1AC8ED3C00ACE8C1 /* 引导页－2.jpg in Resources */,
				B03384AC1AC8ED3C00ACE8C1 /* 引导页－1.jpg in Resources */,
			);
			runOnlyForDeploymentPostprocessing = 0;
		};
		CC7812901AC6C37D005EB43A /* Resources */ = {
			isa = PBXResourcesBuildPhase;
			buildActionMask = 2147483647;
			files = (
			);
			runOnlyForDeploymentPostprocessing = 0;
		};
/* End PBXResourcesBuildPhase section */

/* Begin PBXSourcesBuildPhase section */
		CC7812751AC6C37D005EB43A /* Sources */ = {
			isa = PBXSourcesBuildPhase;
			buildActionMask = 2147483647;
			files = (
				B039D9BE1ACA411200630EC8 /* pinyin.c in Sources */,
				B03384A41AC8DFD300ACE8C1 /* HomeWebViewController.m in Sources */,
				CC7812C41AC6D3C6005EB43A /* UIView+Extension.m in Sources */,
				CC7812AE1AC6CC6F005EB43A /* BaseNavigationController.m in Sources */,
				B0339C151AC7A59A0018AD99 /* UIButton+AFNetworking.m in Sources */,
				B0339C1C1AC7BF3C0018AD99 /* DianpingApi.m in Sources */,
				CC7812CF1AC6E802005EB43A /* headerLayout.m in Sources */,
				B0339C191AC7A59A0018AD99 /* UIWebView+AFNetworking.m in Sources */,
				B0339C171AC7A59A0018AD99 /* UIProgressView+AFNetworking.m in Sources */,
				B0339BF91AC7A5910018AD99 /* AFHTTPSessionManager.m in Sources */,
				CC7812D51AC6F13C005EB43A /* HeaderItem.m in Sources */,
				B0339C161AC7A59A0018AD99 /* UIImageView+AFNetworking.m in Sources */,
				B0339BFA1AC7A5910018AD99 /* AFNetworkReachabilityManager.m in Sources */,
				B0339BF71AC7A5910018AD99 /* AFHTTPRequestOperation.m in Sources */,
				B0339BFD1AC7A5910018AD99 /* AFURLRequestSerialization.m in Sources */,
				B0339BFC1AC7A5910018AD99 /* AFURLConnectionOperation.m in Sources */,
				B0339BFF1AC7A5910018AD99 /* AFURLSessionManager.m in Sources */,
				CC7812B11AC6CD61005EB43A /* HomeTableController.m in Sources */,
				CC7812A41AC6CAC9005EB43A /* TabBarBaseController.m in Sources */,
				B0339C131AC7A59A0018AD99 /* UIActivityIndicatorView+AFNetworking.m in Sources */,
				CC7812821AC6C37D005EB43A /* AppDelegate.m in Sources */,
				CC7812B41AC6CD80005EB43A /* GroupShopTableController.m in Sources */,
				CC7812BA1AC6CE63005EB43A /* MineTableController.m in Sources */,
				CC78127F1AC6C37D005EB43A /* main.m in Sources */,
				B0339C211AC7C6470018AD99 /* HomeBusinessCell.m in Sources */,
				B03384B31AC8EDDD00ACE8C1 /* WelcomeViewController.m in Sources */,
				B0339C251AC7CD600018AD99 /* businessInfo.m in Sources */,
				CC7812BD1AC6D161005EB43A /* CustomNaviButton.m in Sources */,
				CC7812C51AC6D3C6005EB43A /* UIImage+Extension.m in Sources */,
				CC7812D81AC70061005EB43A /* AreaTableController.m in Sources */,
				B0339BFB1AC7A5910018AD99 /* AFSecurityPolicy.m in Sources */,
				B0339C181AC7A59A0018AD99 /* UIRefreshControl+AFNetworking.m in Sources */,
				B039D9B91ACA411200630EC8 /* MHTabBarController.m in Sources */,
				B039D9C21ACA787800630EC8 /* MCWTgFooterView.m in Sources */,
				B0339C141AC7A59A0018AD99 /* UIAlertView+AFNetworking.m in Sources */,
				CC7812B71AC6CE51005EB43A /* DiscoverTableController.m in Sources */,
				B0339BF81AC7A5910018AD99 /* AFHTTPRequestOperationManager.m in Sources */,
				CC7812D21AC6EA8E005EB43A /* CollectionViewCell.m in Sources */,
				B039D9B61ACA411200630EC8 /* MHCategoryViewController.m in Sources */,
				B0339BFE1AC7A5910018AD99 /* AFURLResponseSerialization.m in Sources */,
				B0339C121AC7A59A0018AD99 /* AFNetworkActivityIndicatorManager.m in Sources */,
			);
			runOnlyForDeploymentPostprocessing = 0;
		};
		CC78128E1AC6C37D005EB43A /* Sources */ = {
			isa = PBXSourcesBuildPhase;
			buildActionMask = 2147483647;
			files = (
				CC7812991AC6C37D005EB43A /* ____Tests.m in Sources */,
			);
			runOnlyForDeploymentPostprocessing = 0;
		};
/* End PBXSourcesBuildPhase section */

/* Begin PBXTargetDependency section */
		CC7812941AC6C37D005EB43A /* PBXTargetDependency */ = {
			isa = PBXTargetDependency;
			target = CC7812781AC6C37D005EB43A /* 大众点评 */;
			targetProxy = CC7812931AC6C37D005EB43A /* PBXContainerItemProxy */;
		};
/* End PBXTargetDependency section */

/* Begin PBXVariantGroup section */
		CC78128B1AC6C37D005EB43A /* LaunchScreen.xib */ = {
			isa = PBXVariantGroup;
			children = (
				CC78128C1AC6C37D005EB43A /* Base */,
			);
			name = LaunchScreen.xib;
			sourceTree = "<group>";
		};
/* End PBXVariantGroup section */

/* Begin XCBuildConfiguration section */
		CC78129A1AC6C37D005EB43A /* Debug */ = {
			isa = XCBuildConfiguration;
			buildSettings = {
				ALWAYS_SEARCH_USER_PATHS = NO;
				CLANG_CXX_LANGUAGE_STANDARD = "gnu++0x";
				CLANG_CXX_LIBRARY = "libc++";
				CLANG_ENABLE_MODULES = YES;
				CLANG_ENABLE_OBJC_ARC = YES;
				CLANG_WARN_BOOL_CONVERSION = YES;
				CLANG_WARN_CONSTANT_CONVERSION = YES;
				CLANG_WARN_DIRECT_OBJC_ISA_USAGE = YES_ERROR;
				CLANG_WARN_EMPTY_BODY = YES;
				CLANG_WARN_ENUM_CONVERSION = YES;
				CLANG_WARN_INT_CONVERSION = YES;
				CLANG_WARN_OBJC_ROOT_CLASS = YES_ERROR;
				CLANG_WARN_UNREACHABLE_CODE = YES;
				CLANG_WARN__DUPLICATE_METHOD_MATCH = YES;
				"CODE_SIGN_IDENTITY[sdk=iphoneos*]" = "iPhone Developer";
				COPY_PHASE_STRIP = NO;
				ENABLE_STRICT_OBJC_MSGSEND = YES;
				GCC_C_LANGUAGE_STANDARD = gnu99;
				GCC_DYNAMIC_NO_PIC = NO;
				GCC_OPTIMIZATION_LEVEL = 0;
				GCC_PREPROCESSOR_DEFINITIONS = (
					"DEBUG=1",
					"$(inherited)",
				);
				GCC_SYMBOLS_PRIVATE_EXTERN = NO;
				GCC_WARN_64_TO_32_BIT_CONVERSION = YES;
				GCC_WARN_ABOUT_RETURN_TYPE = YES_ERROR;
				GCC_WARN_UNDECLARED_SELECTOR = YES;
				GCC_WARN_UNINITIALIZED_AUTOS = YES_AGGRESSIVE;
				GCC_WARN_UNUSED_FUNCTION = YES;
				GCC_WARN_UNUSED_VARIABLE = YES;
				IPHONEOS_DEPLOYMENT_TARGET = 8.2;
				MTL_ENABLE_DEBUG_INFO = YES;
				ONLY_ACTIVE_ARCH = YES;
				SDKROOT = iphoneos;
			};
			name = Debug;
		};
		CC78129B1AC6C37D005EB43A /* Release */ = {
			isa = XCBuildConfiguration;
			buildSettings = {
				ALWAYS_SEARCH_USER_PATHS = NO;
				CLANG_CXX_LANGUAGE_STANDARD = "gnu++0x";
				CLANG_CXX_LIBRARY = "libc++";
				CLANG_ENABLE_MODULES = YES;
				CLANG_ENABLE_OBJC_ARC = YES;
				CLANG_WARN_BOOL_CONVERSION = YES;
				CLANG_WARN_CONSTANT_CONVERSION = YES;
				CLANG_WARN_DIRECT_OBJC_ISA_USAGE = YES_ERROR;
				CLANG_WARN_EMPTY_BODY = YES;
				CLANG_WARN_ENUM_CONVERSION = YES;
				CLANG_WARN_INT_CONVERSION = YES;
				CLANG_WARN_OBJC_ROOT_CLASS = YES_ERROR;
				CLANG_WARN_UNREACHABLE_CODE = YES;
				CLANG_WARN__DUPLICATE_METHOD_MATCH = YES;
				"CODE_SIGN_IDENTITY[sdk=iphoneos*]" = "iPhone Developer";
				COPY_PHASE_STRIP = NO;
				ENABLE_NS_ASSERTIONS = NO;
				ENABLE_STRICT_OBJC_MSGSEND = YES;
				GCC_C_LANGUAGE_STANDARD = gnu99;
				GCC_WARN_64_TO_32_BIT_CONVERSION = YES;
				GCC_WARN_ABOUT_RETURN_TYPE = YES_ERROR;
				GCC_WARN_UNDECLARED_SELECTOR = YES;
				GCC_WARN_UNINITIALIZED_AUTOS = YES_AGGRESSIVE;
				GCC_WARN_UNUSED_FUNCTION = YES;
				GCC_WARN_UNUSED_VARIABLE = YES;
				IPHONEOS_DEPLOYMENT_TARGET = 8.2;
				MTL_ENABLE_DEBUG_INFO = NO;
				SDKROOT = iphoneos;
				VALIDATE_PRODUCT = YES;
			};
			name = Release;
		};
		CC78129D1AC6C37D005EB43A /* Debug */ = {
			isa = XCBuildConfiguration;
			buildSettings = {
				ASSETCATALOG_COMPILER_APPICON_NAME = AppIcon;
				INFOPLIST_FILE = "大众点评/Info.plist";
				IPHONEOS_DEPLOYMENT_TARGET = 7.1;
				LD_RUNPATH_SEARCH_PATHS = "$(inherited) @executable_path/Frameworks";
				PRODUCT_NAME = "$(TARGET_NAME)";
			};
			name = Debug;
		};
		CC78129E1AC6C37D005EB43A /* Release */ = {
			isa = XCBuildConfiguration;
			buildSettings = {
				ASSETCATALOG_COMPILER_APPICON_NAME = AppIcon;
				INFOPLIST_FILE = "大众点评/Info.plist";
				IPHONEOS_DEPLOYMENT_TARGET = 7.1;
				LD_RUNPATH_SEARCH_PATHS = "$(inherited) @executable_path/Frameworks";
				PRODUCT_NAME = "$(TARGET_NAME)";
			};
			name = Release;
		};
		CC7812A01AC6C37D005EB43A /* Debug */ = {
			isa = XCBuildConfiguration;
			buildSettings = {
				BUNDLE_LOADER = "$(TEST_HOST)";
				FRAMEWORK_SEARCH_PATHS = (
					"$(SDKROOT)/Developer/Library/Frameworks",
					"$(inherited)",
				);
				GCC_PREPROCESSOR_DEFINITIONS = (
					"DEBUG=1",
					"$(inherited)",
				);
				INFOPLIST_FILE = "大众点评Tests/Info.plist";
				LD_RUNPATH_SEARCH_PATHS = "$(inherited) @executable_path/Frameworks @loader_path/Frameworks";
				PRODUCT_NAME = "$(TARGET_NAME)";
				TEST_HOST = "$(BUILT_PRODUCTS_DIR)/大众点评.app/大众点评";
			};
			name = Debug;
		};
		CC7812A11AC6C37D005EB43A /* Release */ = {
			isa = XCBuildConfiguration;
			buildSettings = {
				BUNDLE_LOADER = "$(TEST_HOST)";
				FRAMEWORK_SEARCH_PATHS = (
					"$(SDKROOT)/Developer/Library/Frameworks",
					"$(inherited)",
				);
				INFOPLIST_FILE = "大众点评Tests/Info.plist";
				LD_RUNPATH_SEARCH_PATHS = "$(inherited) @executable_path/Frameworks @loader_path/Frameworks";
				PRODUCT_NAME = "$(TARGET_NAME)";
				TEST_HOST = "$(BUILT_PRODUCTS_DIR)/大众点评.app/大众点评";
			};
			name = Release;
		};
/* End XCBuildConfiguration section */

/* Begin XCConfigurationList section */
		CC7812741AC6C37D005EB43A /* Build configuration list for PBXProject "大众点评" */ = {
			isa = XCConfigurationList;
			buildConfigurations = (
				CC78129A1AC6C37D005EB43A /* Debug */,
				CC78129B1AC6C37D005EB43A /* Release */,
			);
			defaultConfigurationIsVisible = 0;
			defaultConfigurationName = Release;
		};
		CC78129C1AC6C37D005EB43A /* Build configuration list for PBXNativeTarget "大众点评" */ = {
			isa = XCConfigurationList;
			buildConfigurations = (
				CC78129D1AC6C37D005EB43A /* Debug */,
				CC78129E1AC6C37D005EB43A /* Release */,
			);
			defaultConfigurationIsVisible = 0;
			defaultConfigurationName = Release;
		};
		CC78129F1AC6C37D005EB43A /* Build configuration list for PBXNativeTarget "大众点评Tests" */ = {
			isa = XCConfigurationList;
			buildConfigurations = (
				CC7812A01AC6C37D005EB43A /* Debug */,
				CC7812A11AC6C37D005EB43A /* Release */,
			);
			defaultConfigurationIsVisible = 0;
			defaultConfigurationName = Release;
		};
/* End XCConfigurationList section */
	};
	rootObject = CC7812711AC6C37D005EB43A /* Project object */;
}
