// !$*UTF8*$!
{
	archiveVersion = 1;
	classes = {
	};
	objectVersion = 46;
	objects = {

/* Begin PBXBuildFile section */
		CC78127F1AC6C37D005EB43A /* main.m in Sources */ = {isa = PBXBuildFile; fileRef = CC78127E1AC6C37D005EB43A /* main.m */; };
		CC7812821AC6C37D005EB43A /* AppDelegate.m in Sources */ = {isa = PBXBuildFile; fileRef = CC7812811AC6C37D005EB43A /* AppDelegate.m */; };
		CC7812851AC6C37D005EB43A /* ViewController.m in Sources */ = {isa = PBXBuildFile; fileRef = CC7812841AC6C37D005EB43A /* ViewController.m */; };
		CC7812881AC6C37D005EB43A /* Main.storyboard in Resources */ = {isa = PBXBuildFile; fileRef = CC7812861AC6C37D005EB43A /* Main.storyboard */; };
		CC78128A1AC6C37D005EB43A /* Images.xcassets in Resources */ = {isa = PBXBuildFile; fileRef = CC7812891AC6C37D005EB43A /* Images.xcassets */; };
		CC78128D1AC6C37D005EB43A /* LaunchScreen.xib in Resources */ = {isa = PBXBuildFile; fileRef = CC78128B1AC6C37D005EB43A /* LaunchScreen.xib */; };
		CC7812991AC6C37D005EB43A /* ____Tests.m in Sources */ = {isa = PBXBuildFile; fileRef = CC7812981AC6C37D005EB43A /* ____Tests.m */; };
/* End PBXBuildFile section */

/* Begin PBXContainerItemProxy section */
		CC7812931AC6C37D005EB43A /* PBXContainerItemProxy */ = {
			isa = PBXContainerItemProxy;
			containerPortal = CC7812711AC6C37D005EB43A /* Project object */;
			proxyType = 1;
			remoteGlobalIDString = CC7812781AC6C37D005EB43A;
			remoteInfo = "大众点评";
		};
/* End PBXContainerItemProxy section */

/* Begin PBXFileReference section */
		CC7812791AC6C37D005EB43A /* 大众点评.app */ = {isa = PBXFileReference; explicitFileType = wrapper.application; includeInIndex = 0; path = "大众点评.app"; sourceTree = BUILT_PRODUCTS_DIR; };
		CC78127D1AC6C37D005EB43A /* Info.plist */ = {isa = PBXFileReference; lastKnownFileType = text.plist.xml; path = Info.plist; sourceTree = "<group>"; };
		CC78127E1AC6C37D005EB43A /* main.m */ = {isa = PBXFileReference; lastKnownFileType = sourcecode.c.objc; path = main.m; sourceTree = "<group>"; };
		CC7812801AC6C37D005EB43A /* AppDelegate.h */ = {isa = PBXFileReference; lastKnownFileType = sourcecode.c.h; path = AppDelegate.h; sourceTree = "<group>"; };
		CC7812811AC6C37D005EB43A /* AppDelegate.m */ = {isa = PBXFileReference; lastKnownFileType = sourcecode.c.objc; path = AppDelegate.m; sourceTree = "<group>"; };
		CC7812831AC6C37D005EB43A /* ViewController.h */ = {isa = PBXFileReference; lastKnownFileType = sourcecode.c.h; path = ViewController.h; sourceTree = "<group>"; };
		CC7812841AC6C37D005EB43A /* ViewController.m */ = {isa = PBXFileReference; lastKnownFileType = sourcecode.c.objc; path = ViewController.m; sourceTree = "<group>"; };
		CC7812871AC6C37D005EB43A /* Base */ = {isa = PBXFileReference; lastKnownFileType = file.storyboard; name = Base; path = Base.lproj/Main.storyboard; sourceTree = "<group>"; };
		CC7812891AC6C37D005EB43A /* Images.xcassets */ = {isa = PBXFileReference; lastKnownFileType = folder.assetcatalog; path = Images.xcassets; sourceTree = "<group>"; };
		CC78128C1AC6C37D005EB43A /* Base */ = {isa = PBXFileReference; lastKnownFileType = file.xib; name = Base; path = Base.lproj/LaunchScreen.xib; sourceTree = "<group>"; };
		CC7812921AC6C37D005EB43A /* 大众点评Tests.xctest */ = {isa = PBXFileReference; explicitFileType = wrapper.cfbundle; includeInIndex = 0; path = "大众点评Tests.xctest"; sourceTree = BUILT_PRODUCTS_DIR; };
		CC7812971AC6C37D005EB43A /* Info.plist */ = {isa = PBXFileReference; lastKnownFileType = text.plist.xml; path = Info.plist; sourceTree = "<group>"; };
		CC7812981AC6C37D005EB43A /* ____Tests.m */ = {isa = PBXFileReference; lastKnownFileType = sourcecode.c.objc; path = "____Tests.m"; sourceTree = "<group>"; };
/* End PBXFileReference section */

/* Begin PBXFrameworksBuildPhase section */
		CC7812761AC6C37D005EB43A /* Frameworks */ = {
			isa = PBXFrameworksBuildPhase;
			buildActionMask = 2147483647;
			files = (
			);
			runOnlyForDeploymentPostprocessing = 0;
		};
		CC78128F1AC6C37D005EB43A /* Frameworks */ = {
			isa = PBXFrameworksBuildPhase;
			buildActionMask = 2147483647;
			files = (
			);
			runOnlyForDeploymentPostprocessing = 0;
		};
/* End PBXFrameworksBuildPhase section */

/* Begin PBXGroup section */
		CC7812701AC6C37D005EB43A = {
			isa = PBXGroup;
			children = (
				CC78127B1AC6C37D005EB43A /* 大众点评 */,
				CC7812951AC6C37D005EB43A /* 大众点评Tests */,
				CC78127A1AC6C37D005EB43A /* Products */,
			);
			sourceTree = "<group>";
		};
		CC78127A1AC6C37D005EB43A /* Products */ = {
			isa = PBXGroup;
			children = (
				CC7812791AC6C37D005EB43A /* 大众点评.app */,
				CC7812921AC6C37D005EB43A /* 大众点评Tests.xctest */,
			);
			name = Products;
			sourceTree = "<group>";
		};
		CC78127B1AC6C37D005EB43A /* 大众点评 */ = {
			isa = PBXGroup;
			children = (
				CC7812801AC6C37D005EB43A /* AppDelegate.h */,
				CC7812811AC6C37D005EB43A /* AppDelegate.m */,
				CC7812831AC6C37D005EB43A /* ViewController.h */,
				CC7812841AC6C37D005EB43A /* ViewController.m */,
				CC7812861AC6C37D005EB43A /* Main.storyboard */,
				CC7812891AC6C37D005EB43A /* Images.xcassets */,
				CC78128B1AC6C37D005EB43A /* LaunchScreen.xib */,
				CC78127C1AC6C37D005EB43A /* Supporting Files */,
			);
			path = "大众点评";
			sourceTree = "<group>";
		};
		CC78127C1AC6C37D005EB43A /* Supporting Files */ = {
			isa = PBXGroup;
			children = (
				CC78127D1AC6C37D005EB43A /* Info.plist */,
				CC78127E1AC6C37D005EB43A /* main.m */,
			);
			name = "Supporting Files";
			sourceTree = "<group>";
		};
		CC7812951AC6C37D005EB43A /* 大众点评Tests */ = {
			isa = PBXGroup;
			children = (
				CC7812981AC6C37D005EB43A /* ____Tests.m */,
				CC7812961AC6C37D005EB43A /* Supporting Files */,
			);
			path = "大众点评Tests";
			sourceTree = "<group>";
		};
		CC7812961AC6C37D005EB43A /* Supporting Files */ = {
			isa = PBXGroup;
			children = (
				CC7812971AC6C37D005EB43A /* Info.plist */,
			);
			name = "Supporting Files";
			sourceTree = "<group>";
		};
/* End PBXGroup section */

/* Begin PBXNativeTarget section */
		CC7812781AC6C37D005EB43A /* 大众点评 */ = {
			isa = PBXNativeTarget;
			buildConfigurationList = CC78129C1AC6C37D005EB43A /* Build configuration list for PBXNativeTarget "大众点评" */;
			buildPhases = (
				CC7812751AC6C37D005EB43A /* Sources */,
				CC7812761AC6C37D005EB43A /* Frameworks */,
				CC7812771AC6C37D005EB43A /* Resources */,
			);
			buildRules = (
			);
			dependencies = (
			);
			name = "大众点评";
			productName = "大众点评";
			productReference = CC7812791AC6C37D005EB43A /* 大众点评.app */;
			productType = "com.apple.product-type.application";
		};
		CC7812911AC6C37D005EB43A /* 大众点评Tests */ = {
			isa = PBXNativeTarget;
			buildConfigurationList = CC78129F1AC6C37D005EB43A /* Build configuration list for PBXNativeTarget "大众点评Tests" */;
			buildPhases = (
				CC78128E1AC6C37D005EB43A /* Sources */,
				CC78128F1AC6C37D005EB43A /* Frameworks */,
				CC7812901AC6C37D005EB43A /* Resources */,
			);
			buildRules = (
			);
			dependencies = (
				CC7812941AC6C37D005EB43A /* PBXTargetDependency */,
			);
			name = "大众点评Tests";
			productName = "大众点评Tests";
			productReference = CC7812921AC6C37D005EB43A /* 大众点评Tests.xctest */;
			productType = "com.apple.product-type.bundle.unit-test";
		};
/* End PBXNativeTarget section */

/* Begin PBXProject section */
		CC7812711AC6C37D005EB43A /* Project object */ = {
			isa = PBXProject;
			attributes = {
				LastUpgradeCheck = 0620;
				ORGANIZATIONNAME = cuihongmao;
				TargetAttributes = {
					CC7812781AC6C37D005EB43A = {
						CreatedOnToolsVersion = 6.2;
					};
					CC7812911AC6C37D005EB43A = {
						CreatedOnToolsVersion = 6.2;
						TestTargetID = CC7812781AC6C37D005EB43A;
					};
				};
			};
			buildConfigurationList = CC7812741AC6C37D005EB43A /* Build configuration list for PBXProject "大众点评" */;
			compatibilityVersion = "Xcode 3.2";
			developmentRegion = English;
			hasScannedForEncodings = 0;
			knownRegions = (
				en,
				Base,
			);
			mainGroup = CC7812701AC6C37D005EB43A;
			productRefGroup = CC78127A1AC6C37D005EB43A /* Products */;
			projectDirPath = "";
			projectRoot = "";
			targets = (
				CC7812781AC6C37D005EB43A /* 大众点评 */,
				CC7812911AC6C37D005EB43A /* 大众点评Tests */,
			);
		};
/* End PBXProject section */

/* Begin PBXResourcesBuildPhase section */
		CC7812771AC6C37D005EB43A /* Resources */ = {
			isa = PBXResourcesBuildPhase;
			buildActionMask = 2147483647;
			files = (
				CC7812881AC6C37D005EB43A /* Main.storyboard in Resources */,
				CC78128D1AC6C37D005EB43A /* LaunchScreen.xib in Resources */,
				CC78128A1AC6C37D005EB43A /* Images.xcassets in Resources */,
			);
			runOnlyForDeploymentPostprocessing = 0;
		};
		CC7812901AC6C37D005EB43A /* Resources */ = {
			isa = PBXResourcesBuildPhase;
			buildActionMask = 2147483647;
			files = (
			);
			runOnlyForDeploymentPostprocessing = 0;
		};
/* End PBXResourcesBuildPhase section */

/* Begin PBXSourcesBuildPhase section */
		CC7812751AC6C37D005EB43A /* Sources */ = {
			isa = PBXSourcesBuildPhase;
			buildActionMask = 2147483647;
			files = (
				CC7812851AC6C37D005EB43A /* ViewController.m in Sources */,
				CC7812821AC6C37D005EB43A /* AppDelegate.m in Sources */,
				CC78127F1AC6C37D005EB43A /* main.m in Sources */,
			);
			runOnlyForDeploymentPostprocessing = 0;
		};
		CC78128E1AC6C37D005EB43A /* Sources */ = {
			isa = PBXSourcesBuildPhase;
			buildActionMask = 2147483647;
			files = (
				CC7812991AC6C37D005EB43A /* ____Tests.m in Sources */,
			);
			runOnlyForDeploymentPostprocessing = 0;
		};
/* End PBXSourcesBuildPhase section */

/* Begin PBXTargetDependency section */
		CC7812941AC6C37D005EB43A /* PBXTargetDependency */ = {
			isa = PBXTargetDependency;
			target = CC7812781AC6C37D005EB43A /* 大众点评 */;
			targetProxy = CC7812931AC6C37D005EB43A /* PBXContainerItemProxy */;
		};
/* End PBXTargetDependency section */

/* Begin PBXVariantGroup section */
		CC7812861AC6C37D005EB43A /* Main.storyboard */ = {
			isa = PBXVariantGroup;
			children = (
				CC7812871AC6C37D005EB43A /* Base */,
			);
			name = Main.storyboard;
			sourceTree = "<group>";
		};
		CC78128B1AC6C37D005EB43A /* LaunchScreen.xib */ = {
			isa = PBXVariantGroup;
			children = (
				CC78128C1AC6C37D005EB43A /* Base */,
			);
			name = LaunchScreen.xib;
			sourceTree = "<group>";
		};
/* End PBXVariantGroup section */

/* Begin XCBuildConfiguration section */
		CC78129A1AC6C37D005EB43A /* Debug */ = {
			isa = XCBuildConfiguration;
			buildSettings = {
				ALWAYS_SEARCH_USER_PATHS = NO;
				CLANG_CXX_LANGUAGE_STANDARD = "gnu++0x";
				CLANG_CXX_LIBRARY = "libc++";
				CLANG_ENABLE_MODULES = YES;
				CLANG_ENABLE_OBJC_ARC = YES;
				CLANG_WARN_BOOL_CONVERSION = YES;
				CLANG_WARN_CONSTANT_CONVERSION = YES;
				CLANG_WARN_DIRECT_OBJC_ISA_USAGE = YES_ERROR;
				CLANG_WARN_EMPTY_BODY = YES;
				CLANG_WARN_ENUM_CONVERSION = YES;
				CLANG_WARN_INT_CONVERSION = YES;
				CLANG_WARN_OBJC_ROOT_CLASS = YES_ERROR;
				CLANG_WARN_UNREACHABLE_CODE = YES;
				CLANG_WARN__DUPLICATE_METHOD_MATCH = YES;
				"CODE_SIGN_IDENTITY[sdk=iphoneos*]" = "iPhone Developer";
				COPY_PHASE_STRIP = NO;
				ENABLE_STRICT_OBJC_MSGSEND = YES;
				GCC_C_LANGUAGE_STANDARD = gnu99;
				GCC_DYNAMIC_NO_PIC = NO;
				GCC_OPTIMIZATION_LEVEL = 0;
				GCC_PREPROCESSOR_DEFINITIONS = (
					"DEBUG=1",
					"$(inherited)",
				);
				GCC_SYMBOLS_PRIVATE_EXTERN = NO;
				GCC_WARN_64_TO_32_BIT_CONVERSION = YES;
				GCC_WARN_ABOUT_RETURN_TYPE = YES_ERROR;
				GCC_WARN_UNDECLARED_SELECTOR = YES;
				GCC_WARN_UNINITIALIZED_AUTOS = YES_AGGRESSIVE;
				GCC_WARN_UNUSED_FUNCTION = YES;
				GCC_WARN_UNUSED_VARIABLE = YES;
				IPHONEOS_DEPLOYMENT_TARGET = 8.2;
				MTL_ENABLE_DEBUG_INFO = YES;
				ONLY_ACTIVE_ARCH = YES;
				SDKROOT = iphoneos;
			};
			name = Debug;
		};
		CC78129B1AC6C37D005EB43A /* Release */ = {
			isa = XCBuildConfiguration;
			buildSettings = {
				ALWAYS_SEARCH_USER_PATHS = NO;
				CLANG_CXX_LANGUAGE_STANDARD = "gnu++0x";
				CLANG_CXX_LIBRARY = "libc++";
				CLANG_ENABLE_MODULES = YES;
				CLANG_ENABLE_OBJC_ARC = YES;
				CLANG_WARN_BOOL_CONVERSION = YES;
				CLANG_WARN_CONSTANT_CONVERSION = YES;
				CLANG_WARN_DIRECT_OBJC_ISA_USAGE = YES_ERROR;
				CLANG_WARN_EMPTY_BODY = YES;
				CLANG_WARN_ENUM_CONVERSION = YES;
				CLANG_WARN_INT_CONVERSION = YES;
				CLANG_WARN_OBJC_ROOT_CLASS = YES_ERROR;
				CLANG_WARN_UNREACHABLE_CODE = YES;
				CLANG_WARN__DUPLICATE_METHOD_MATCH = YES;
				"CODE_SIGN_IDENTITY[sdk=iphoneos*]" = "iPhone Developer";
				COPY_PHASE_STRIP = NO;
				ENABLE_NS_ASSERTIONS = NO;
				ENABLE_STRICT_OBJC_MSGSEND = YES;
				GCC_C_LANGUAGE_STANDARD = gnu99;
				GCC_WARN_64_TO_32_BIT_CONVERSION = YES;
				GCC_WARN_ABOUT_RETURN_TYPE = YES_ERROR;
				GCC_WARN_UNDECLARED_SELECTOR = YES;
				GCC_WARN_UNINITIALIZED_AUTOS = YES_AGGRESSIVE;
				GCC_WARN_UNUSED_FUNCTION = YES;
				GCC_WARN_UNUSED_VARIABLE = YES;
				IPHONEOS_DEPLOYMENT_TARGET = 8.2;
				MTL_ENABLE_DEBUG_INFO = NO;
				SDKROOT = iphoneos;
				VALIDATE_PRODUCT = YES;
			};
			name = Release;
		};
		CC78129D1AC6C37D005EB43A /* Debug */ = {
			isa = XCBuildConfiguration;
			buildSettings = {
				ASSETCATALOG_COMPILER_APPICON_NAME = AppIcon;
				INFOPLIST_FILE = "大众点评/Info.plist";
				LD_RUNPATH_SEARCH_PATHS = "$(inherited) @executable_path/Frameworks";
				PRODUCT_NAME = "$(TARGET_NAME)";
			};
			name = Debug;
		};
		CC78129E1AC6C37D005EB43A /* Release */ = {
			isa = XCBuildConfiguration;
			buildSettings = {
				ASSETCATALOG_COMPILER_APPICON_NAME = AppIcon;
				INFOPLIST_FILE = "大众点评/Info.plist";
				LD_RUNPATH_SEARCH_PATHS = "$(inherited) @executable_path/Frameworks";
				PRODUCT_NAME = "$(TARGET_NAME)";
			};
			name = Release;
		};
		CC7812A01AC6C37D005EB43A /* Debug */ = {
			isa = XCBuildConfiguration;
			buildSettings = {
				BUNDLE_LOADER = "$(TEST_HOST)";
				FRAMEWORK_SEARCH_PATHS = (
					"$(SDKROOT)/Developer/Library/Frameworks",
					"$(inherited)",
				);
				GCC_PREPROCESSOR_DEFINITIONS = (
					"DEBUG=1",
					"$(inherited)",
				);
				INFOPLIST_FILE = "大众点评Tests/Info.plist";
				LD_RUNPATH_SEARCH_PATHS = "$(inherited) @executable_path/Frameworks @loader_path/Frameworks";
				PRODUCT_NAME = "$(TARGET_NAME)";
				TEST_HOST = "$(BUILT_PRODUCTS_DIR)/大众点评.app/大众点评";
			};
			name = Debug;
		};
		CC7812A11AC6C37D005EB43A /* Release */ = {
			isa = XCBuildConfiguration;
			buildSettings = {
				BUNDLE_LOADER = "$(TEST_HOST)";
				FRAMEWORK_SEARCH_PATHS = (
					"$(SDKROOT)/Developer/Library/Frameworks",
					"$(inherited)",
				);
				INFOPLIST_FILE = "大众点评Tests/Info.plist";
				LD_RUNPATH_SEARCH_PATHS = "$(inherited) @executable_path/Frameworks @loader_path/Frameworks";
				PRODUCT_NAME = "$(TARGET_NAME)";
				TEST_HOST = "$(BUILT_PRODUCTS_DIR)/大众点评.app/大众点评";
			};
			name = Release;
		};
/* End XCBuildConfiguration section */

/* Begin XCConfigurationList section */
		CC7812741AC6C37D005EB43A /* Build configuration list for PBXProject "大众点评" */ = {
			isa = XCConfigurationList;
			buildConfigurations = (
				CC78129A1AC6C37D005EB43A /* Debug */,
				CC78129B1AC6C37D005EB43A /* Release */,
			);
			defaultConfigurationIsVisible = 0;
			defaultConfigurationName = Release;
		};
		CC78129C1AC6C37D005EB43A /* Build configuration list for PBXNativeTarget "大众点评" */ = {
			isa = XCConfigurationList;
			buildConfigurations = (
				CC78129D1AC6C37D005EB43A /* Debug */,
				CC78129E1AC6C37D005EB43A /* Release */,
			);
			defaultConfigurationIsVisible = 0;
		};
		CC78129F1AC6C37D005EB43A /* Build configuration list for PBXNativeTarget "大众点评Tests" */ = {
			isa = XCConfigurationList;
			buildConfigurations = (
				CC7812A01AC6C37D005EB43A /* Debug */,
				CC7812A11AC6C37D005EB43A /* Release */,
			);
			defaultConfigurationIsVisible = 0;
		};
/* End XCConfigurationList section */
	};
	rootObject = CC7812711AC6C37D005EB43A /* Project object */;
}
